Microsoft Visual Studio Solution File, Format Version 12.00
# Visual Studio Version 17
VisualStudioVersion = 17.5.2.0
MinimumVisualStudioVersion = 10.0.40219.1
Project("{FAE04EC0-301F-11D3-BF4B-00C04F79EFBC}") = "struct-bruno", "struct-bruno.csproj", "{4C5CC8B3-BED0-B26D-F5A9-9ED90ADC3018}"
EndProject
Global
	GlobalSection(SolutionConfigurationPlatforms) = preSolution
		Debug|Any CPU = Debug|Any CPU
		Release|Any CPU = Release|Any CPU
	EndGlobalSection
	GlobalSection(ProjectConfigurationPlatforms) = postSolution
		{4C5CC8B3-BED0-B26D-F5A9-9ED90ADC3018}.Debug|Any CPU.ActiveCfg = Debug|Any CPU
		{4C5CC8B3-BED0-B26D-F5A9-9ED90ADC3018}.Debug|Any CPU.Build.0 = Debug|Any CPU
		{4C5CC8B3-BED0-B26D-F5A9-9ED90ADC3018}.Release|Any CPU.ActiveCfg = Release|Any CPU
		{4C5CC8B3-BED0-B26D-F5A9-9ED90ADC3018}.Release|Any CPU.Build.0 = Release|Any CPU
	EndGlobalSection
	GlobalSection(SolutionProperties) = preSolution
		HideSolutionNode = FALSE
	EndGlobalSection
	GlobalSection(ExtensibilityGlobals) = postSolution
		SolutionGuid = {4AAE573B-06D2-4E7E-A976-81560F9EA812}
	EndGlobalSection
EndGlobal
